
Microsoft Visual Studio Solution File, Format Version 12.00
# Visual Studio Version 17
VisualStudioVersion = 17.0.31903.59
MinimumVisualStudioVersion = 10.0.40219.1
Project("{FAE04EC0-301F-11D3-BF4B-00C04F79EFBC}") = "HeroLog.Shared", "HeroLog.Shared\HeroLog.Shared.csproj", "{07B66364-7220-4812-8F98-10840A4E1279}"
EndProject
Project("{FAE04EC0-301F-11D3-BF4B-00C04F79EFBC}") = "HeroLog.Api", "HeroLog.Api\HeroLog.Api.csproj", "{3704D2F8-E1B0-4F22-93C7-D3BB6C135781}"
EndProject
Project("{FAE04EC0-301F-11D3-BF4B-00C04F79EFBC}") = "HeroLog.Worker", "HeroLog.Worker\HeroLog.Worker.csproj", "{EB6F537E-73CF-44FA-B9C7-3BD33278351D}"
EndProject
Global
	GlobalSection(SolutionConfigurationPlatforms) = preSolution
		Debug|Any CPU = Debug|Any CPU
		Debug|x64 = Debug|x64
		Debug|x86 = Debug|x86
		Release|Any CPU = Release|Any CPU
		Release|x64 = Release|x64
		Release|x86 = Release|x86
	EndGlobalSection
	GlobalSection(ProjectConfigurationPlatforms) = postSolution
		{07B66364-7220-4812-8F98-10840A4E1279}.Debug|Any CPU.ActiveCfg = Debug|Any CPU
		{07B66364-7220-4812-8F98-10840A4E1279}.Debug|Any CPU.Build.0 = Debug|Any CPU
		{07B66364-7220-4812-8F98-10840A4E1279}.Debug|x64.ActiveCfg = Debug|Any CPU
		{07B66364-7220-4812-8F98-10840A4E1279}.Debug|x64.Build.0 = Debug|Any CPU
		{07B66364-7220-4812-8F98-10840A4E1279}.Debug|x86.ActiveCfg = Debug|Any CPU
		{07B66364-7220-4812-8F98-10840A4E1279}.Debug|x86.Build.0 = Debug|Any CPU
		{07B66364-7220-4812-8F98-10840A4E1279}.Release|Any CPU.ActiveCfg = Release|Any CPU
		{07B66364-7220-4812-8F98-10840A4E1279}.Release|Any CPU.Build.0 = Release|Any CPU
		{07B66364-7220-4812-8F98-10840A4E1279}.Release|x64.ActiveCfg = Release|Any CPU
		{07B66364-7220-4812-8F98-10840A4E1279}.Release|x64.Build.0 = Release|Any CPU
		{07B66364-7220-4812-8F98-10840A4E1279}.Release|x86.ActiveCfg = Release|Any CPU
		{07B66364-7220-4812-8F98-10840A4E1279}.Release|x86.Build.0 = Release|Any CPU
		{3704D2F8-E1B0-4F22-93C7-D3BB6C135781}.Debug|Any CPU.ActiveCfg = Debug|Any CPU
		{3704D2F8-E1B0-4F22-93C7-D3BB6C135781}.Debug|Any CPU.Build.0 = Debug|Any CPU
		{3704D2F8-E1B0-4F22-93C7-D3BB6C135781}.Debug|x64.ActiveCfg = Debug|Any CPU
		{3704D2F8-E1B0-4F22-93C7-D3BB6C135781}.Debug|x64.Build.0 = Debug|Any CPU
		{3704D2F8-E1B0-4F22-93C7-D3BB6C135781}.Debug|x86.ActiveCfg = Debug|Any CPU
		{3704D2F8-E1B0-4F22-93C7-D3BB6C135781}.Debug|x86.Build.0 = Debug|Any CPU
		{3704D2F8-E1B0-4F22-93C7-D3BB6C135781}.Release|Any CPU.ActiveCfg = Release|Any CPU
		{3704D2F8-E1B0-4F22-93C7-D3BB6C135781}.Release|Any CPU.Build.0 = Release|Any CPU
		{3704D2F8-E1B0-4F22-93C7-D3BB6C135781}.Release|x64.ActiveCfg = Release|Any CPU
		{3704D2F8-E1B0-4F22-93C7-D3BB6C135781}.Release|x64.Build.0 = Release|Any CPU
		{3704D2F8-E1B0-4F22-93C7-D3BB6C135781}.Release|x86.ActiveCfg = Release|Any CPU
		{3704D2F8-E1B0-4F22-93C7-D3BB6C135781}.Release|x86.Build.0 = Release|Any CPU
		{EB6F537E-73CF-44FA-B9C7-3BD33278351D}.Debug|Any CPU.ActiveCfg = Debug|Any CPU
		{EB6F537E-73CF-44FA-B9C7-3BD33278351D}.Debug|Any CPU.Build.0 = Debug|Any CPU
		{EB6F537E-73CF-44FA-B9C7-3BD33278351D}.Debug|x64.ActiveCfg = Debug|Any CPU
		{EB6F537E-73CF-44FA-B9C7-3BD33278351D}.Debug|x64.Build.0 = Debug|Any CPU
		{EB6F537E-73CF-44FA-B9C7-3BD33278351D}.Debug|x86.ActiveCfg = Debug|Any CPU
		{EB6F537E-73CF-44FA-B9C7-3BD33278351D}.Debug|x86.Build.0 = Debug|Any CPU
		{EB6F537E-73CF-44FA-B9C7-3BD33278351D}.Release|Any CPU.ActiveCfg = Release|Any CPU
		{EB6F537E-73CF-44FA-B9C7-3BD33278351D}.Release|Any CPU.Build.0 = Release|Any CPU
		{EB6F537E-73CF-44FA-B9C7-3BD33278351D}.Release|x64.ActiveCfg = Release|Any CPU
		{EB6F537E-73CF-44FA-B9C7-3BD33278351D}.Release|x64.Build.0 = Release|Any CPU
		{EB6F537E-73CF-44FA-B9C7-3BD33278351D}.Release|x86.ActiveCfg = Release|Any CPU
		{EB6F537E-73CF-44FA-B9C7-3BD33278351D}.Release|x86.Build.0 = Release|Any CPU
	EndGlobalSection
	GlobalSection(SolutionProperties) = preSolution
		HideSolutionNode = FALSE
	EndGlobalSection
EndGlobal
